
Microsoft Visual Studio Solution File, Format Version 12.00
# Visual Studio Version 17
VisualStudioVersion = 17.9.34723.18
MinimumVisualStudioVersion = 10.0.40219.1
Project("{FAE04EC0-301F-11D3-BF4B-00C04F79EFBC}") = "CalculadoraDaT6", "CalculadoraDaT6.csproj", "{77FD75EF-EDEE-435D-9C84-5D1AACE155CF}"
EndProject
Global
	GlobalSection(SolutionConfigurationPlatforms) = preSolution
		Debug|Any CPU = Debug|Any CPU
		Release|Any CPU = Release|Any CPU
	EndGlobalSection
	GlobalSection(ProjectConfigurationPlatforms) = postSolution
		{77FD75EF-EDEE-435D-9C84-5D1AACE155CF}.Debug|Any CPU.ActiveCfg = Debug|Any CPU
		{77FD75EF-EDEE-435D-9C84-5D1AACE155CF}.Debug|Any CPU.Build.0 = Debug|Any CPU
		{77FD75EF-EDEE-435D-9C84-5D1AACE155CF}.Release|Any CPU.ActiveCfg = Release|Any CPU
		{77FD75EF-EDEE-435D-9C84-5D1AACE155CF}.Release|Any CPU.Build.0 = Release|Any CPU
	EndGlobalSection
	GlobalSection(SolutionProperties) = preSolution
		HideSolutionNode = FALSE
	EndGlobalSection
	GlobalSection(ExtensibilityGlobals) = postSolution
		SolutionGuid = {719F0912-9EE1-44F9-AD30-CB71CE73D323}
	EndGlobalSection
EndGlobal
